
Microsoft Visual Studio Solution File, Format Version 12.00
# Visual Studio 2013
VisualStudioVersion = 12.0.31101.0
MinimumVisualStudioVersion = 10.0.40219.1
Project("{FAE04EC0-301F-11D3-BF4B-00C04F79EFBC}") = "DY.NET", "DY.NET\DY.NET.csproj", "{C658782C-A96E-466E-B2BE-99590A289E39}"
EndProject
Project("{2150E333-8FDC-42A3-9474-1A3956D46DE8}") = "Documents", "Documents", "{D2FC5C93-F3B2-4312-9068-FCFE69D0FE2A}"
	ProjectSection(SolutionItems) = preProject
		Doc\Cnet Protocol.txt = Doc\Cnet Protocol.txt
		Doc\FEnet Protocol.txt = Doc\FEnet Protocol.txt
		README.md = README.md
		Doc\문서 주석.txt = Doc\문서 주석.txt
	EndProjectSection
EndProject
Project("{FAE04EC0-301F-11D3-BF4B-00C04F79EFBC}") = "DY.WPF", "DY.WPF\DY.WPF.csproj", "{B087385F-01DC-4D42-A8EB-95664C002B61}"
EndProject
Project("{FAE04EC0-301F-11D3-BF4B-00C04F79EFBC}") = "MahApps.Metro.NET45", "submodule\MahApps.Metro\MahApps.Metro\MahApps.Metro.NET45.csproj", "{942D11C4-29F5-46C4-8C14-4B976D56C637}"
EndProject
Project("{2150E333-8FDC-42A3-9474-1A3956D46DE8}") = "submodule", "submodule", "{F63BFB9C-7F5C-417E-82E2-7A448A11DCAC}"
EndProject
Project("{FAE04EC0-301F-11D3-BF4B-00C04F79EFBC}") = "DY.WPF.SAMPLE", "DY.WPF.SAMPLE\DY.WPF.SAMPLE.csproj", "{0DAD5178-C6CE-41EB-9351-32E8698E42A9}"
EndProject
Project("{FAE04EC0-301F-11D3-BF4B-00C04F79EFBC}") = "log4net.vs2010", "submodule\log4net\src\log4net\log4net.vs2010.csproj", "{181FE707-E161-4722-9F38-6AAAB6FAA106}"
EndProject
Project("{FAE04EC0-301F-11D3-BF4B-00C04F79EFBC}") = "Newtonsoft.Json", "submodule\Newtonsoft.Json\Src\Newtonsoft.Json\Newtonsoft.Json.csproj", "{EEEA67F9-9089-481D-A4DC-0966DEC9FD7D}"
EndProject
Project("{FAE04EC0-301F-11D3-BF4B-00C04F79EFBC}") = "NET.Tools", "submodule\net-toolkit\NET.Tools\NET.Tools.csproj", "{EC6EAAA0-F4F1-419C-A9D5-9F2D3EF67120}"
EndProject
Global
	GlobalSection(SolutionConfigurationPlatforms) = preSolution
		Debug|Any CPU = Debug|Any CPU
		Debug|x86 = Debug|x86
		Release|Any CPU = Release|Any CPU
		Release|x86 = Release|x86
	EndGlobalSection
	GlobalSection(ProjectConfigurationPlatforms) = postSolution
		{C658782C-A96E-466E-B2BE-99590A289E39}.Debug|Any CPU.ActiveCfg = Debug|Any CPU
		{C658782C-A96E-466E-B2BE-99590A289E39}.Debug|Any CPU.Build.0 = Debug|Any CPU
		{C658782C-A96E-466E-B2BE-99590A289E39}.Debug|x86.ActiveCfg = Debug|Any CPU
		{C658782C-A96E-466E-B2BE-99590A289E39}.Release|Any CPU.ActiveCfg = Release|Any CPU
		{C658782C-A96E-466E-B2BE-99590A289E39}.Release|Any CPU.Build.0 = Release|Any CPU
		{C658782C-A96E-466E-B2BE-99590A289E39}.Release|x86.ActiveCfg = Release|Any CPU
		{B087385F-01DC-4D42-A8EB-95664C002B61}.Debug|Any CPU.ActiveCfg = Debug|Any CPU
		{B087385F-01DC-4D42-A8EB-95664C002B61}.Debug|Any CPU.Build.0 = Debug|Any CPU
		{B087385F-01DC-4D42-A8EB-95664C002B61}.Debug|x86.ActiveCfg = Debug|Any CPU
		{B087385F-01DC-4D42-A8EB-95664C002B61}.Release|Any CPU.ActiveCfg = Release|Any CPU
		{B087385F-01DC-4D42-A8EB-95664C002B61}.Release|Any CPU.Build.0 = Release|Any CPU
		{B087385F-01DC-4D42-A8EB-95664C002B61}.Release|x86.ActiveCfg = Release|Any CPU
		{942D11C4-29F5-46C4-8C14-4B976D56C637}.Debug|Any CPU.ActiveCfg = Debug|Any CPU
		{942D11C4-29F5-46C4-8C14-4B976D56C637}.Debug|Any CPU.Build.0 = Debug|Any CPU
		{942D11C4-29F5-46C4-8C14-4B976D56C637}.Debug|x86.ActiveCfg = Debug|Any CPU
		{942D11C4-29F5-46C4-8C14-4B976D56C637}.Release|Any CPU.ActiveCfg = Release|Any CPU
		{942D11C4-29F5-46C4-8C14-4B976D56C637}.Release|Any CPU.Build.0 = Release|Any CPU
		{942D11C4-29F5-46C4-8C14-4B976D56C637}.Release|x86.ActiveCfg = Release|Any CPU
		{0DAD5178-C6CE-41EB-9351-32E8698E42A9}.Debug|Any CPU.ActiveCfg = Debug|Any CPU
		{0DAD5178-C6CE-41EB-9351-32E8698E42A9}.Debug|Any CPU.Build.0 = Debug|Any CPU
		{0DAD5178-C6CE-41EB-9351-32E8698E42A9}.Debug|x86.ActiveCfg = Debug|Any CPU
		{0DAD5178-C6CE-41EB-9351-32E8698E42A9}.Release|Any CPU.ActiveCfg = Release|Any CPU
		{0DAD5178-C6CE-41EB-9351-32E8698E42A9}.Release|Any CPU.Build.0 = Release|Any CPU
		{0DAD5178-C6CE-41EB-9351-32E8698E42A9}.Release|x86.ActiveCfg = Release|Any CPU
		{181FE707-E161-4722-9F38-6AAAB6FAA106}.Debug|Any CPU.ActiveCfg = Debug|Any CPU
		{181FE707-E161-4722-9F38-6AAAB6FAA106}.Debug|Any CPU.Build.0 = Debug|Any CPU
		{181FE707-E161-4722-9F38-6AAAB6FAA106}.Debug|x86.ActiveCfg = Debug|Any CPU
		{181FE707-E161-4722-9F38-6AAAB6FAA106}.Release|Any CPU.ActiveCfg = Release|Any CPU
		{181FE707-E161-4722-9F38-6AAAB6FAA106}.Release|Any CPU.Build.0 = Release|Any CPU
		{181FE707-E161-4722-9F38-6AAAB6FAA106}.Release|x86.ActiveCfg = Release|Any CPU
		{EEEA67F9-9089-481D-A4DC-0966DEC9FD7D}.Debug|Any CPU.ActiveCfg = Debug|Any CPU
		{EEEA67F9-9089-481D-A4DC-0966DEC9FD7D}.Debug|Any CPU.Build.0 = Debug|Any CPU
		{EEEA67F9-9089-481D-A4DC-0966DEC9FD7D}.Debug|x86.ActiveCfg = Debug|Any CPU
		{EEEA67F9-9089-481D-A4DC-0966DEC9FD7D}.Release|Any CPU.ActiveCfg = Release|Any CPU
		{EEEA67F9-9089-481D-A4DC-0966DEC9FD7D}.Release|Any CPU.Build.0 = Release|Any CPU
		{EEEA67F9-9089-481D-A4DC-0966DEC9FD7D}.Release|x86.ActiveCfg = Release|Any CPU
		{EC6EAAA0-F4F1-419C-A9D5-9F2D3EF67120}.Debug|Any CPU.ActiveCfg = Debug|Any CPU
		{EC6EAAA0-F4F1-419C-A9D5-9F2D3EF67120}.Debug|Any CPU.Build.0 = Debug|Any CPU
		{EC6EAAA0-F4F1-419C-A9D5-9F2D3EF67120}.Debug|x86.ActiveCfg = Debug|x86
		{EC6EAAA0-F4F1-419C-A9D5-9F2D3EF67120}.Debug|x86.Build.0 = Debug|x86
		{EC6EAAA0-F4F1-419C-A9D5-9F2D3EF67120}.Release|Any CPU.ActiveCfg = Release|Any CPU
		{EC6EAAA0-F4F1-419C-A9D5-9F2D3EF67120}.Release|Any CPU.Build.0 = Release|Any CPU
		{EC6EAAA0-F4F1-419C-A9D5-9F2D3EF67120}.Release|x86.ActiveCfg = Release|x86
		{EC6EAAA0-F4F1-419C-A9D5-9F2D3EF67120}.Release|x86.Build.0 = Release|x86
	EndGlobalSection
	GlobalSection(SolutionProperties) = preSolution
		HideSolutionNode = FALSE
	EndGlobalSection
	GlobalSection(NestedProjects) = preSolution
		{942D11C4-29F5-46C4-8C14-4B976D56C637} = {F63BFB9C-7F5C-417E-82E2-7A448A11DCAC}
		{181FE707-E161-4722-9F38-6AAAB6FAA106} = {F63BFB9C-7F5C-417E-82E2-7A448A11DCAC}
		{EEEA67F9-9089-481D-A4DC-0966DEC9FD7D} = {F63BFB9C-7F5C-417E-82E2-7A448A11DCAC}
		{EC6EAAA0-F4F1-419C-A9D5-9F2D3EF67120} = {F63BFB9C-7F5C-417E-82E2-7A448A11DCAC}
	EndGlobalSection
EndGlobal
