
Microsoft Visual Studio Solution File, Format Version 12.00
# Visual Studio 2013
VisualStudioVersion = 12.0.31101.0
MinimumVisualStudioVersion = 10.0.40219.1
Project("{FAE04EC0-301F-11D3-BF4B-00C04F79EFBC}") = "DY.NET", "DY.NET\DY.NET.csproj", "{C658782C-A96E-466E-B2BE-99590A289E39}"
EndProject
Project("{2150E333-8FDC-42A3-9474-1A3956D46DE8}") = "Documents", "Documents", "{D2FC5C93-F3B2-4312-9068-FCFE69D0FE2A}"
	ProjectSection(SolutionItems) = preProject
		Doc\Cnet Protocol.txt = Doc\Cnet Protocol.txt
		Doc\FEnet Protocol.txt = Doc\FEnet Protocol.txt
		README.md = README.md
		Doc\문서 주석.txt = Doc\문서 주석.txt
	EndProjectSection
EndProject
Project("{FAE04EC0-301F-11D3-BF4B-00C04F79EFBC}") = "DY.WPF", "DY.WPF\DY.WPF.csproj", "{B087385F-01DC-4D42-A8EB-95664C002B61}"
EndProject
Project("{2150E333-8FDC-42A3-9474-1A3956D46DE8}") = "submodule", "submodule", "{F63BFB9C-7F5C-417E-82E2-7A448A11DCAC}"
EndProject
Project("{FAE04EC0-301F-11D3-BF4B-00C04F79EFBC}") = "DY.WPF.SAMPLE", "DY.WPF.SAMPLE\DY.WPF.SAMPLE.csproj", "{0DAD5178-C6CE-41EB-9351-32E8698E42A9}"
EndProject
Project("{FAE04EC0-301F-11D3-BF4B-00C04F79EFBC}") = "Newtonsoft.Json", "submodule\Newtonsoft.Json\Src\Newtonsoft.Json\Newtonsoft.Json.csproj", "{EEEA67F9-9089-481D-A4DC-0966DEC9FD7D}"
EndProject
Project("{FAE04EC0-301F-11D3-BF4B-00C04F79EFBC}") = "NLog.netfx45", "submodule\NLog\src\NLog\NLog.netfx45.csproj", "{A0BFF0DB-ED9A-4639-AE86-8E709A1EFC66}"
EndProject
Project("{2150E333-8FDC-42A3-9474-1A3956D46DE8}") = ".nuget", ".nuget", "{D6FCA320-4C74-4901-ACAF-BB45AF5F0373}"
	ProjectSection(SolutionItems) = preProject
		.nuget\NuGet.Config = .nuget\NuGet.Config
		.nuget\NuGet.exe = .nuget\NuGet.exe
		.nuget\NuGet.targets = .nuget\NuGet.targets
	EndProjectSection
EndProject
Project("{FAE04EC0-301F-11D3-BF4B-00C04F79EFBC}") = "OxyPlot", "submodule\oxyplot\Source\OxyPlot\OxyPlot.csproj", "{7A0B35C0-DD17-4964-8E9A-44D6CECDC692}"
EndProject
Project("{FAE04EC0-301F-11D3-BF4B-00C04F79EFBC}") = "OxyPlot.Wpf", "submodule\oxyplot\Source\OxyPlot.Wpf\OxyPlot.Wpf.csproj", "{698CCD8E-ADCC-4565-8517-5EDD36F07155}"
EndProject
Project("{FAE04EC0-301F-11D3-BF4B-00C04F79EFBC}") = "MahApps.Metro", "submodule\MahApps.Metro\MahApps.Metro\MahApps.Metro.csproj", "{5B1710D2-5DC8-4754-91B2-19165DE49B3D}"
EndProject
Project("{FAE04EC0-301F-11D3-BF4B-00C04F79EFBC}") = "PropertyTools_PCL", "submodule\PropertyTools\Source\PropertyTools\PropertyTools_PCL.csproj", "{C365CBC8-FB8C-439D-87A4-FAFBB25852EA}"
EndProject
Project("{FAE04EC0-301F-11D3-BF4B-00C04F79EFBC}") = "PropertyTools.Wpf_NET45", "submodule\PropertyTools\Source\PropertyTools.Wpf\PropertyTools.Wpf_NET45.csproj", "{7168F82F-288A-42C4-9EB1-FBBE5112F211}"
EndProject
Global
	GlobalSection(SolutionConfigurationPlatforms) = preSolution
		Debug|Any CPU = Debug|Any CPU
		Debug|x86 = Debug|x86
		Release|Any CPU = Release|Any CPU
		Release|x86 = Release|x86
	EndGlobalSection
	GlobalSection(ProjectConfigurationPlatforms) = postSolution
		{C658782C-A96E-466E-B2BE-99590A289E39}.Debug|Any CPU.ActiveCfg = Debug|Any CPU
		{C658782C-A96E-466E-B2BE-99590A289E39}.Debug|Any CPU.Build.0 = Debug|Any CPU
		{C658782C-A96E-466E-B2BE-99590A289E39}.Debug|x86.ActiveCfg = Debug|Any CPU
		{C658782C-A96E-466E-B2BE-99590A289E39}.Release|Any CPU.ActiveCfg = Release|Any CPU
		{C658782C-A96E-466E-B2BE-99590A289E39}.Release|Any CPU.Build.0 = Release|Any CPU
		{C658782C-A96E-466E-B2BE-99590A289E39}.Release|x86.ActiveCfg = Release|Any CPU
		{B087385F-01DC-4D42-A8EB-95664C002B61}.Debug|Any CPU.ActiveCfg = Debug|Any CPU
		{B087385F-01DC-4D42-A8EB-95664C002B61}.Debug|Any CPU.Build.0 = Debug|Any CPU
		{B087385F-01DC-4D42-A8EB-95664C002B61}.Debug|x86.ActiveCfg = Debug|Any CPU
		{B087385F-01DC-4D42-A8EB-95664C002B61}.Release|Any CPU.ActiveCfg = Release|Any CPU
		{B087385F-01DC-4D42-A8EB-95664C002B61}.Release|Any CPU.Build.0 = Release|Any CPU
		{B087385F-01DC-4D42-A8EB-95664C002B61}.Release|x86.ActiveCfg = Release|Any CPU
		{0DAD5178-C6CE-41EB-9351-32E8698E42A9}.Debug|Any CPU.ActiveCfg = Debug|Any CPU
		{0DAD5178-C6CE-41EB-9351-32E8698E42A9}.Debug|Any CPU.Build.0 = Debug|Any CPU
		{0DAD5178-C6CE-41EB-9351-32E8698E42A9}.Debug|x86.ActiveCfg = Debug|Any CPU
		{0DAD5178-C6CE-41EB-9351-32E8698E42A9}.Release|Any CPU.ActiveCfg = Release|Any CPU
		{0DAD5178-C6CE-41EB-9351-32E8698E42A9}.Release|Any CPU.Build.0 = Release|Any CPU
		{0DAD5178-C6CE-41EB-9351-32E8698E42A9}.Release|x86.ActiveCfg = Release|Any CPU
		{EEEA67F9-9089-481D-A4DC-0966DEC9FD7D}.Debug|Any CPU.ActiveCfg = Debug|Any CPU
		{EEEA67F9-9089-481D-A4DC-0966DEC9FD7D}.Debug|Any CPU.Build.0 = Debug|Any CPU
		{EEEA67F9-9089-481D-A4DC-0966DEC9FD7D}.Debug|x86.ActiveCfg = Debug|Any CPU
		{EEEA67F9-9089-481D-A4DC-0966DEC9FD7D}.Release|Any CPU.ActiveCfg = Release|Any CPU
		{EEEA67F9-9089-481D-A4DC-0966DEC9FD7D}.Release|Any CPU.Build.0 = Release|Any CPU
		{EEEA67F9-9089-481D-A4DC-0966DEC9FD7D}.Release|x86.ActiveCfg = Release|Any CPU
		{A0BFF0DB-ED9A-4639-AE86-8E709A1EFC66}.Debug|Any CPU.ActiveCfg = Debug|Any CPU
		{A0BFF0DB-ED9A-4639-AE86-8E709A1EFC66}.Debug|Any CPU.Build.0 = Debug|Any CPU
		{A0BFF0DB-ED9A-4639-AE86-8E709A1EFC66}.Debug|x86.ActiveCfg = Debug|Any CPU
		{A0BFF0DB-ED9A-4639-AE86-8E709A1EFC66}.Release|Any CPU.ActiveCfg = Release|Any CPU
		{A0BFF0DB-ED9A-4639-AE86-8E709A1EFC66}.Release|Any CPU.Build.0 = Release|Any CPU
		{A0BFF0DB-ED9A-4639-AE86-8E709A1EFC66}.Release|x86.ActiveCfg = Release|Any CPU
		{7A0B35C0-DD17-4964-8E9A-44D6CECDC692}.Debug|Any CPU.ActiveCfg = Debug|Any CPU
		{7A0B35C0-DD17-4964-8E9A-44D6CECDC692}.Debug|Any CPU.Build.0 = Debug|Any CPU
		{7A0B35C0-DD17-4964-8E9A-44D6CECDC692}.Debug|x86.ActiveCfg = Debug|Any CPU
		{7A0B35C0-DD17-4964-8E9A-44D6CECDC692}.Release|Any CPU.ActiveCfg = Release|Any CPU
		{7A0B35C0-DD17-4964-8E9A-44D6CECDC692}.Release|Any CPU.Build.0 = Release|Any CPU
		{7A0B35C0-DD17-4964-8E9A-44D6CECDC692}.Release|x86.ActiveCfg = Release|Any CPU
		{698CCD8E-ADCC-4565-8517-5EDD36F07155}.Debug|Any CPU.ActiveCfg = Debug|Any CPU
		{698CCD8E-ADCC-4565-8517-5EDD36F07155}.Debug|Any CPU.Build.0 = Debug|Any CPU
		{698CCD8E-ADCC-4565-8517-5EDD36F07155}.Debug|x86.ActiveCfg = Debug|Any CPU
		{698CCD8E-ADCC-4565-8517-5EDD36F07155}.Release|Any CPU.ActiveCfg = Release|Any CPU
		{698CCD8E-ADCC-4565-8517-5EDD36F07155}.Release|Any CPU.Build.0 = Release|Any CPU
		{698CCD8E-ADCC-4565-8517-5EDD36F07155}.Release|x86.ActiveCfg = Release|Any CPU
		{5B1710D2-5DC8-4754-91B2-19165DE49B3D}.Debug|Any CPU.ActiveCfg = Debug|Any CPU
		{5B1710D2-5DC8-4754-91B2-19165DE49B3D}.Debug|Any CPU.Build.0 = Debug|Any CPU
		{5B1710D2-5DC8-4754-91B2-19165DE49B3D}.Debug|x86.ActiveCfg = Debug|Any CPU
		{5B1710D2-5DC8-4754-91B2-19165DE49B3D}.Release|Any CPU.ActiveCfg = Release|Any CPU
		{5B1710D2-5DC8-4754-91B2-19165DE49B3D}.Release|Any CPU.Build.0 = Release|Any CPU
		{5B1710D2-5DC8-4754-91B2-19165DE49B3D}.Release|x86.ActiveCfg = Release|Any CPU
		{C365CBC8-FB8C-439D-87A4-FAFBB25852EA}.Debug|Any CPU.ActiveCfg = Debug|Any CPU
		{C365CBC8-FB8C-439D-87A4-FAFBB25852EA}.Debug|Any CPU.Build.0 = Debug|Any CPU
		{C365CBC8-FB8C-439D-87A4-FAFBB25852EA}.Debug|x86.ActiveCfg = Debug|Any CPU
		{C365CBC8-FB8C-439D-87A4-FAFBB25852EA}.Release|Any CPU.ActiveCfg = Release|Any CPU
		{C365CBC8-FB8C-439D-87A4-FAFBB25852EA}.Release|Any CPU.Build.0 = Release|Any CPU
		{C365CBC8-FB8C-439D-87A4-FAFBB25852EA}.Release|x86.ActiveCfg = Release|Any CPU
		{7168F82F-288A-42C4-9EB1-FBBE5112F211}.Debug|Any CPU.ActiveCfg = Debug|Any CPU
		{7168F82F-288A-42C4-9EB1-FBBE5112F211}.Debug|Any CPU.Build.0 = Debug|Any CPU
		{7168F82F-288A-42C4-9EB1-FBBE5112F211}.Debug|x86.ActiveCfg = Debug|Any CPU
		{7168F82F-288A-42C4-9EB1-FBBE5112F211}.Release|Any CPU.ActiveCfg = Release|Any CPU
		{7168F82F-288A-42C4-9EB1-FBBE5112F211}.Release|Any CPU.Build.0 = Release|Any CPU
		{7168F82F-288A-42C4-9EB1-FBBE5112F211}.Release|x86.ActiveCfg = Release|Any CPU
	EndGlobalSection
	GlobalSection(SolutionProperties) = preSolution
		HideSolutionNode = FALSE
	EndGlobalSection
	GlobalSection(NestedProjects) = preSolution
		{EEEA67F9-9089-481D-A4DC-0966DEC9FD7D} = {F63BFB9C-7F5C-417E-82E2-7A448A11DCAC}
		{A0BFF0DB-ED9A-4639-AE86-8E709A1EFC66} = {F63BFB9C-7F5C-417E-82E2-7A448A11DCAC}
		{7A0B35C0-DD17-4964-8E9A-44D6CECDC692} = {F63BFB9C-7F5C-417E-82E2-7A448A11DCAC}
		{698CCD8E-ADCC-4565-8517-5EDD36F07155} = {F63BFB9C-7F5C-417E-82E2-7A448A11DCAC}
		{5B1710D2-5DC8-4754-91B2-19165DE49B3D} = {F63BFB9C-7F5C-417E-82E2-7A448A11DCAC}
		{C365CBC8-FB8C-439D-87A4-FAFBB25852EA} = {F63BFB9C-7F5C-417E-82E2-7A448A11DCAC}
		{7168F82F-288A-42C4-9EB1-FBBE5112F211} = {F63BFB9C-7F5C-417E-82E2-7A448A11DCAC}
	EndGlobalSection
EndGlobal
