
Microsoft Visual Studio Solution File, Format Version 12.00
# Visual Studio 2013
VisualStudioVersion = 12.0.31101.0
MinimumVisualStudioVersion = 10.0.40219.1
Project("{FAE04EC0-301F-11D3-BF4B-00C04F79EFBC}") = "DY.NET", "DY.NET\DY.NET.csproj", "{44F4FC6A-F72D-4286-9979-F125AAF0D70A}"
EndProject
Project("{FAE04EC0-301F-11D3-BF4B-00C04F79EFBC}") = "DY.NET.TEST", "DY.NET.TEST\DY.NET.TEST.csproj", "{8E5462AB-7061-4450-9F0C-7A0BD4B145BA}"
EndProject
Project("{FAE04EC0-301F-11D3-BF4B-00C04F79EFBC}") = "Moq", "..\submodule\moq4\Source\Moq.csproj", "{1C91AC30-5977-4BE5-BA67-8EB186C03514}"
EndProject
Global
	GlobalSection(SolutionConfigurationPlatforms) = preSolution
		Debug|Any CPU = Debug|Any CPU
		Release|Any CPU = Release|Any CPU
	EndGlobalSection
	GlobalSection(ProjectConfigurationPlatforms) = postSolution
		{44F4FC6A-F72D-4286-9979-F125AAF0D70A}.Debug|Any CPU.ActiveCfg = Debug|Any CPU
		{44F4FC6A-F72D-4286-9979-F125AAF0D70A}.Debug|Any CPU.Build.0 = Debug|Any CPU
		{44F4FC6A-F72D-4286-9979-F125AAF0D70A}.Release|Any CPU.ActiveCfg = Release|Any CPU
		{44F4FC6A-F72D-4286-9979-F125AAF0D70A}.Release|Any CPU.Build.0 = Release|Any CPU
		{8E5462AB-7061-4450-9F0C-7A0BD4B145BA}.Debug|Any CPU.ActiveCfg = Debug|Any CPU
		{8E5462AB-7061-4450-9F0C-7A0BD4B145BA}.Debug|Any CPU.Build.0 = Debug|Any CPU
		{8E5462AB-7061-4450-9F0C-7A0BD4B145BA}.Release|Any CPU.ActiveCfg = Release|Any CPU
		{8E5462AB-7061-4450-9F0C-7A0BD4B145BA}.Release|Any CPU.Build.0 = Release|Any CPU
		{1C91AC30-5977-4BE5-BA67-8EB186C03514}.Debug|Any CPU.ActiveCfg = Debug|Any CPU
		{1C91AC30-5977-4BE5-BA67-8EB186C03514}.Debug|Any CPU.Build.0 = Debug|Any CPU
		{1C91AC30-5977-4BE5-BA67-8EB186C03514}.Release|Any CPU.ActiveCfg = Release|Any CPU
		{1C91AC30-5977-4BE5-BA67-8EB186C03514}.Release|Any CPU.Build.0 = Release|Any CPU
	EndGlobalSection
	GlobalSection(SolutionProperties) = preSolution
		HideSolutionNode = FALSE
	EndGlobalSection
EndGlobal
