
Microsoft Visual Studio Solution File, Format Version 12.00
# Visual Studio 2013
VisualStudioVersion = 12.0.31101.0
MinimumVisualStudioVersion = 10.0.40219.1
Project("{FAE04EC0-301F-11D3-BF4B-00C04F79EFBC}") = "DY.NET", "DY.NET\DY.NET.csproj", "{C658782C-A96E-466E-B2BE-99590A289E39}"
EndProject
Project("{2150E333-8FDC-42A3-9474-1A3956D46DE8}") = "Document", "Document", "{D2FC5C93-F3B2-4312-9068-FCFE69D0FE2A}"
	ProjectSection(SolutionItems) = preProject
		role.txt = role.txt
	EndProjectSection
EndProject
Project("{2150E333-8FDC-42A3-9474-1A3956D46DE8}") = "Sample", "Sample", "{7C207AD6-27E3-48F9-87BF-45E21FB1FCFD}"
EndProject
Project("{FAE04EC0-301F-11D3-BF4B-00C04F79EFBC}") = "DY.SAMPLE.NET", "DY.SAMPLE.NET\DY.SAMPLE.NET.csproj", "{91823F64-121D-44E6-984C-A59D2DF17010}"
EndProject
Global
	GlobalSection(SolutionConfigurationPlatforms) = preSolution
		Debug|Any CPU = Debug|Any CPU
		Release|Any CPU = Release|Any CPU
	EndGlobalSection
	GlobalSection(ProjectConfigurationPlatforms) = postSolution
		{C658782C-A96E-466E-B2BE-99590A289E39}.Debug|Any CPU.ActiveCfg = Debug|Any CPU
		{C658782C-A96E-466E-B2BE-99590A289E39}.Debug|Any CPU.Build.0 = Debug|Any CPU
		{C658782C-A96E-466E-B2BE-99590A289E39}.Release|Any CPU.ActiveCfg = Release|Any CPU
		{C658782C-A96E-466E-B2BE-99590A289E39}.Release|Any CPU.Build.0 = Release|Any CPU
		{91823F64-121D-44E6-984C-A59D2DF17010}.Debug|Any CPU.ActiveCfg = Debug|Any CPU
		{91823F64-121D-44E6-984C-A59D2DF17010}.Debug|Any CPU.Build.0 = Debug|Any CPU
		{91823F64-121D-44E6-984C-A59D2DF17010}.Release|Any CPU.ActiveCfg = Release|Any CPU
		{91823F64-121D-44E6-984C-A59D2DF17010}.Release|Any CPU.Build.0 = Release|Any CPU
	EndGlobalSection
	GlobalSection(SolutionProperties) = preSolution
		HideSolutionNode = FALSE
	EndGlobalSection
	GlobalSection(NestedProjects) = preSolution
		{91823F64-121D-44E6-984C-A59D2DF17010} = {7C207AD6-27E3-48F9-87BF-45E21FB1FCFD}
	EndGlobalSection
EndGlobal
