
Microsoft Visual Studio Solution File, Format Version 12.00
# Visual Studio 2013
VisualStudioVersion = 12.0.31101.0
MinimumVisualStudioVersion = 10.0.40219.1
Project("{FAE04EC0-301F-11D3-BF4B-00C04F79EFBC}") = "DY.NET", "DY.NET\DY.NET.csproj", "{C658782C-A96E-466E-B2BE-99590A289E39}"
EndProject
Project("{2150E333-8FDC-42A3-9474-1A3956D46DE8}") = "Document", "Document", "{D2FC5C93-F3B2-4312-9068-FCFE69D0FE2A}"
	ProjectSection(SolutionItems) = preProject
		Doc\role.txt = Doc\role.txt
		Doc\응답속도측정프로그램.txt = Doc\응답속도측정프로그램.txt
	EndProjectSection
EndProject
Project("{FAE04EC0-301F-11D3-BF4B-00C04F79EFBC}") = "DY.SAMPLE.NET", "DY.SAMPLE.NET\DY.SAMPLE.NET.csproj", "{91823F64-121D-44E6-984C-A59D2DF17010}"
EndProject
Project("{FAE04EC0-301F-11D3-BF4B-00C04F79EFBC}") = "DY.SAMPLE.LOGIC", "DY.SAMPLE.LOGIC\DY.SAMPLE.LOGIC.csproj", "{4FE6153E-0E5F-47F8-A102-B45E2252AEE6}"
EndProject
Project("{FAE04EC0-301F-11D3-BF4B-00C04F79EFBC}") = "DY.SAMPLE.PLC", "DY.SAMPLE.PLC\DY.SAMPLE.PLC.csproj", "{7118D8AB-9D6B-45CB-B683-D7FC1BDFF7A1}"
EndProject
Project("{2150E333-8FDC-42A3-9474-1A3956D46DE8}") = "Sample", "Sample", "{D0C5A37F-638F-4DA7-8502-E2E54A10BD37}"
EndProject
Project("{2150E333-8FDC-42A3-9474-1A3956D46DE8}") = "Submodule", "Submodule", "{213895C3-C625-40AD-8C21-EF39049013B8}"
EndProject
Project("{FAE04EC0-301F-11D3-BF4B-00C04F79EFBC}") = "Newtonsoft.Json", "..\submodule\Newtonsoft.Json\Src\Newtonsoft.Json\Newtonsoft.Json.csproj", "{EEEA67F9-9089-481D-A4DC-0966DEC9FD7D}"
EndProject
Project("{FAE04EC0-301F-11D3-BF4B-00C04F79EFBC}") = "DY.SAMPLE.LEAK_TESTER", "DY.SAMPLE.LEAK_TESTER\DY.SAMPLE.LEAK_TESTER.csproj", "{16E41F16-E513-40EB-A02C-44F42643744C}"
EndProject
Global
	GlobalSection(SolutionConfigurationPlatforms) = preSolution
		Debug|Any CPU = Debug|Any CPU
		Release|Any CPU = Release|Any CPU
	EndGlobalSection
	GlobalSection(ProjectConfigurationPlatforms) = postSolution
		{C658782C-A96E-466E-B2BE-99590A289E39}.Debug|Any CPU.ActiveCfg = Debug|Any CPU
		{C658782C-A96E-466E-B2BE-99590A289E39}.Debug|Any CPU.Build.0 = Debug|Any CPU
		{C658782C-A96E-466E-B2BE-99590A289E39}.Release|Any CPU.ActiveCfg = Release|Any CPU
		{C658782C-A96E-466E-B2BE-99590A289E39}.Release|Any CPU.Build.0 = Release|Any CPU
		{91823F64-121D-44E6-984C-A59D2DF17010}.Debug|Any CPU.ActiveCfg = Debug|Any CPU
		{91823F64-121D-44E6-984C-A59D2DF17010}.Debug|Any CPU.Build.0 = Debug|Any CPU
		{91823F64-121D-44E6-984C-A59D2DF17010}.Release|Any CPU.ActiveCfg = Release|Any CPU
		{91823F64-121D-44E6-984C-A59D2DF17010}.Release|Any CPU.Build.0 = Release|Any CPU
		{4FE6153E-0E5F-47F8-A102-B45E2252AEE6}.Debug|Any CPU.ActiveCfg = Debug|Any CPU
		{4FE6153E-0E5F-47F8-A102-B45E2252AEE6}.Debug|Any CPU.Build.0 = Debug|Any CPU
		{4FE6153E-0E5F-47F8-A102-B45E2252AEE6}.Release|Any CPU.ActiveCfg = Release|Any CPU
		{4FE6153E-0E5F-47F8-A102-B45E2252AEE6}.Release|Any CPU.Build.0 = Release|Any CPU
		{7118D8AB-9D6B-45CB-B683-D7FC1BDFF7A1}.Debug|Any CPU.ActiveCfg = Debug|Any CPU
		{7118D8AB-9D6B-45CB-B683-D7FC1BDFF7A1}.Debug|Any CPU.Build.0 = Debug|Any CPU
		{7118D8AB-9D6B-45CB-B683-D7FC1BDFF7A1}.Release|Any CPU.ActiveCfg = Release|Any CPU
		{7118D8AB-9D6B-45CB-B683-D7FC1BDFF7A1}.Release|Any CPU.Build.0 = Release|Any CPU
		{EEEA67F9-9089-481D-A4DC-0966DEC9FD7D}.Debug|Any CPU.ActiveCfg = Debug|Any CPU
		{EEEA67F9-9089-481D-A4DC-0966DEC9FD7D}.Debug|Any CPU.Build.0 = Debug|Any CPU
		{EEEA67F9-9089-481D-A4DC-0966DEC9FD7D}.Release|Any CPU.ActiveCfg = Release|Any CPU
		{EEEA67F9-9089-481D-A4DC-0966DEC9FD7D}.Release|Any CPU.Build.0 = Release|Any CPU
		{16E41F16-E513-40EB-A02C-44F42643744C}.Debug|Any CPU.ActiveCfg = Debug|Any CPU
		{16E41F16-E513-40EB-A02C-44F42643744C}.Debug|Any CPU.Build.0 = Debug|Any CPU
		{16E41F16-E513-40EB-A02C-44F42643744C}.Release|Any CPU.ActiveCfg = Release|Any CPU
		{16E41F16-E513-40EB-A02C-44F42643744C}.Release|Any CPU.Build.0 = Release|Any CPU
	EndGlobalSection
	GlobalSection(SolutionProperties) = preSolution
		HideSolutionNode = FALSE
	EndGlobalSection
	GlobalSection(NestedProjects) = preSolution
		{91823F64-121D-44E6-984C-A59D2DF17010} = {D0C5A37F-638F-4DA7-8502-E2E54A10BD37}
		{4FE6153E-0E5F-47F8-A102-B45E2252AEE6} = {D0C5A37F-638F-4DA7-8502-E2E54A10BD37}
		{7118D8AB-9D6B-45CB-B683-D7FC1BDFF7A1} = {D0C5A37F-638F-4DA7-8502-E2E54A10BD37}
		{EEEA67F9-9089-481D-A4DC-0966DEC9FD7D} = {213895C3-C625-40AD-8C21-EF39049013B8}
		{16E41F16-E513-40EB-A02C-44F42643744C} = {D0C5A37F-638F-4DA7-8502-E2E54A10BD37}
	EndGlobalSection
EndGlobal
